<Project xmlns="http://schemas.microsoft.com/developer/msbuild/2003">
    <PropertyGroup>
        <ProjectGuid>{8F3F28E2-735C-49BE-8B07-1DB5F21482E8}</ProjectGuid>
        <Config Condition="'$(Config)'==''">Release</Config>
        <DCC_DCCCompiler>DCC32</DCC_DCCCompiler>
        <ProjectVersion>20.1</ProjectVersion>
        <FrameworkType>VCL</FrameworkType>
        <Base>True</Base>
        <Platform Condition="'$(Platform)'==''">Win64</Platform>
        <TargetedPlatforms>2</TargetedPlatforms>
        <AppType>Library</AppType>
        <MainSource>SVGShellExtensions.dpr</MainSource>
        <ProjectName Condition="'$(ProjectName)'==''">SVGShellExtensions</ProjectName>
    </PropertyGroup>
    <PropertyGroup Condition="'$(Config)'=='Base' or '$(Base)'!=''">
        <Base>true</Base>
    </PropertyGroup>
    <PropertyGroup Condition="('$(Platform)'=='Win32' and '$(Base)'=='true') or '$(Base_Win32)'!=''">
        <Base_Win32>true</Base_Win32>
        <CfgParent>Base</CfgParent>
        <Base>true</Base>
    </PropertyGroup>
    <PropertyGroup Condition="('$(Platform)'=='Win64' and '$(Base)'=='true') or '$(Base_Win64)'!=''">
        <Base_Win64>true</Base_Win64>
        <CfgParent>Base</CfgParent>
        <Base>true</Base>
    </PropertyGroup>
    <PropertyGroup Condition="'$(Config)'=='Debug' or '$(Cfg_1)'!=''">
        <Cfg_1>true</Cfg_1>
        <CfgParent>Base</CfgParent>
        <Base>true</Base>
    </PropertyGroup>
    <PropertyGroup Condition="('$(Platform)'=='Win32' and '$(Cfg_1)'=='true') or '$(Cfg_1_Win32)'!=''">
        <Cfg_1_Win32>true</Cfg_1_Win32>
        <CfgParent>Cfg_1</CfgParent>
        <Cfg_1>true</Cfg_1>
        <Base>true</Base>
    </PropertyGroup>
    <PropertyGroup Condition="('$(Platform)'=='Win64' and '$(Cfg_1)'=='true') or '$(Cfg_1_Win64)'!=''">
        <Cfg_1_Win64>true</Cfg_1_Win64>
        <CfgParent>Cfg_1</CfgParent>
        <Cfg_1>true</Cfg_1>
        <Base>true</Base>
    </PropertyGroup>
    <PropertyGroup Condition="'$(Config)'=='Release' or '$(Cfg_2)'!=''">
        <Cfg_2>true</Cfg_2>
        <CfgParent>Base</CfgParent>
        <Base>true</Base>
    </PropertyGroup>
    <PropertyGroup Condition="('$(Platform)'=='Win32' and '$(Cfg_2)'=='true') or '$(Cfg_2_Win32)'!=''">
        <Cfg_2_Win32>true</Cfg_2_Win32>
        <CfgParent>Cfg_2</CfgParent>
        <Cfg_2>true</Cfg_2>
        <Base>true</Base>
    </PropertyGroup>
    <PropertyGroup Condition="'$(Base)'!=''">
        <SanitizedProjectName>SVGShellExtensions</SanitizedProjectName>
        <DCC_Namespace>System;Xml;Data;Datasnap;Web;Soap;System.Win;Winapi;Vcl;Vcl.Imaging;Vcl.Touch;Vcl.Samples;Vcl.Shell;$(DCC_Namespace)</DCC_Namespace>
        <Icon_MainIcon>..\Icons\logo.ico</Icon_MainIcon>
        <Manifest_File>$(BDS)\bin\default_app.manifest</Manifest_File>
        <VerInfo_Locale>1033</VerInfo_Locale>
        <VerInfo_Keys>CompanyName=Ethea S.r.l.;FileDescription=SVG Shell Extensions 64bit;FileVersion=3.2.1.0;InternalName=;LegalCopyright=Copyright © 2021-2024 Ethea S.r.l.;LegalTrademarks=;OriginalFilename=;ProductName=SVG Shell Extensions 64bit;ProductVersion=3.2;Comments=</VerInfo_Keys>
        <Custom_Styles>Glow|VCLSTYLE|$(BDSCOMMONDIR)\Styles\Glow.vsf;Sky|VCLSTYLE|$(BDSCOMMONDIR)\Styles\Sky.vsf;Windows10|VCLSTYLE|$(BDSCOMMONDIR)\Styles\Windows10.vsf;&quot;Windows10 Dark|VCLSTYLE|$(BDSCOMMONDIR)\Styles\Windows10Dark.vsf&quot;;&quot;Windows10 SlateGray|VCLSTYLE|$(BDSCOMMONDIR)\Styles\Windows10SlateGray.vsf&quot;;&quot;Windows11 Modern Dark|VCLSTYLE|$(BDSCOMMONDIR)\Styles\Windows11_Modern_Dark.vsf&quot;;&quot;Windows11 Modern Light|VCLSTYLE|$(BDSCOMMONDIR)\Styles\Windows11_Modern_Light.vsf&quot;;&quot;Flat UI Light|VCLSTYLE|$(BDSCOMMONDIR)\Styles\FlatUILight.vsf&quot;;&quot;Windows10 BlackPearl|VCLSTYLE|$(BDSCOMMONDIR)\Styles\Windows10BlackPearl.vsf&quot;;&quot;Windows10 Blue Whale|VCLSTYLE|$(BDSCOMMONDIR)\Styles\Windows10BlueWhale.vsf&quot;;&quot;Windows10 Blue Whale LE|VCLSTYLE|$(BDSCOMMONDIR)\Styles\Windows10BlueWhaleLE.vsf&quot;;&quot;Windows10 Clear Day|VCLSTYLE|$(BDSCOMMONDIR)\Styles\Windows10ClearDay.vsf&quot;;&quot;Windows10 Malibu|VCLSTYLE|$(BDSCOMMONDIR)\Styles\Windows10Malibu.vsf&quot;</Custom_Styles>
        <DCC_UsePackage>rtl;vcl;vclx;vclactnband;xmlrtl;VclSmp;vclimg;svnui;svn;bdertl;TeeUI;TeeDB;Tee;vcldb;dbrtl;vcldbx;vcltouch;dsnap;dsnapcon;vclib;ibxpress;adortl;IndyCore;IndySystem;IndyProtocols;inet;intrawebdb_110_150;Intraweb_110_150;vclie;websnap;webdsnap;inetdb;inetdbbde;inetdbxpress;soaprtl;vclribbon;dbexpress;DbxCommonDriver;DataSnapIndy10ServerTransport;DataSnapProviderClient;DbxClientDriver;DataSnapClient;dbxcds;DataSnapServer;AzureCloud;DBXInterBaseDriver;DBXMySQLDriver;DBXFirebirdDriver;DBXSybaseASEDriver;DBXSybaseASADriver;DBXOracleDriver;DBXMSSQLDriver;DBXInformixDriver;DBXDb2Driver;Hydra_Core_D15;SynEdit_RXE;mbColorLibDXE;JclDeveloperTools;Jcl;JclVcl;JclContainers;JvCore;JvSystem;JvStdCtrls;JvAppFrm;JvBands;JvDB;JvDlgs;JvBDE;JvControls;JvCmp;JvCrypt;JvCustom;JvDocking;JvDotNetCtrls;JvGlobus;JvHMI;JvJans;JvManagedThreads;JvMM;JvNet;JvPageComps;JvPascalInterpreter;JvPluginSystem;JvPrintPreview;JvRuntimeDesign;JvTimeFramework;JvWizards;JvXPCtrls;WinSkinDXE;bsfd2011;IceTabSet;$(DCC_UsePackage)</DCC_UsePackage>
        <DCC_DcuOutput>.\$(Config)\$(Platform)</DCC_DcuOutput>
        <GenDll>true</GenDll>
        <DCC_ImageBase>00400000</DCC_ImageBase>
        <DCC_UnitSearchPath>..\Ext\SynEdit\Source;..\Ext\SVGIconImageList\Source;..\Ext\VCLStyleUtils\Common;..\Ext\VCLStyleUtils\DDetours\Source;..\Ext\SVGIconImageList\Image32\Source;..\Ext\StyledComponents\source;$(DCC_UnitSearchPath)</DCC_UnitSearchPath>
        <DCC_ExeOutput>..\Bin64</DCC_ExeOutput>
        <VerInfo_IncludeVerInfo>true</VerInfo_IncludeVerInfo>
        <VerInfo_MajorVer>3</VerInfo_MajorVer>
        <VerInfo_MinorVer>2</VerInfo_MinorVer>
        <VerInfo_Release>1</VerInfo_Release>
    </PropertyGroup>
    <PropertyGroup Condition="'$(Base_Win32)'!=''">
        <Debugger_HostApplication>D:\ETHEA\SVGShellExtensions\Debug\Preview Handlers\OpenDialog\OpenDialogTest.exe</Debugger_HostApplication>
        <AppDPIAwarenessMode>PerMonitorV2</AppDPIAwarenessMode>
        <DCC_Namespace>Data.Win;Datasnap.Win;Web.Win;Soap.Win;Xml.Win;Bde;$(DCC_Namespace)</DCC_Namespace>
        <BT_BuildType>Debug</BT_BuildType>
    </PropertyGroup>
    <PropertyGroup Condition="'$(Base_Win64)'!=''">
        <Debugger_HostApplication>D:\ETHEA\SVGShellExtensions\Debug\Preview Handlers\PreviewHandler Host\Bin\PreviewHost.exe</Debugger_HostApplication>
        <Debugger_CWD>c:\temp</Debugger_CWD>
        <Debugger_RunParams>D:\ETHEA\SVGShellExtensions\SVGShellExtensions.dll</Debugger_RunParams>
        <AppDPIAwarenessMode>PerMonitorV2</AppDPIAwarenessMode>
    </PropertyGroup>
    <PropertyGroup Condition="'$(Cfg_1)'!=''">
        <DCC_MapFile>3</DCC_MapFile>
        <DCC_RangeChecking>true</DCC_RangeChecking>
        <DCC_IntegerOverflowCheck>true</DCC_IntegerOverflowCheck>
        <DCC_Define>DEBUG;$(DCC_Define)</DCC_Define>
        <DCC_Optimize>false</DCC_Optimize>
        <DCC_DebugDCUs>true</DCC_DebugDCUs>
        <DCC_DebugInfoInExe>true</DCC_DebugInfoInExe>
    </PropertyGroup>
    <PropertyGroup Condition="'$(Cfg_1_Win32)'!=''">
        <Debugger_CWD>c:\Windows\SysWoW64</Debugger_CWD>
        <DCC_RemoteDebug>false</DCC_RemoteDebug>
        <Debugger_RunParams>D:\ETHEA\SVGShellExtensions\SVGShellExtensions.dll</Debugger_RunParams>
    </PropertyGroup>
    <PropertyGroup Condition="'$(Cfg_1_Win64)'!=''">
        <DCC_DebugInfoInExe>true</DCC_DebugInfoInExe>
        <DCC_RangeChecking>false</DCC_RangeChecking>
    </PropertyGroup>
    <PropertyGroup Condition="'$(Cfg_2)'!=''">
        <DCC_LocalDebugSymbols>false</DCC_LocalDebugSymbols>
        <DCC_Define>RELEASE;$(DCC_Define)</DCC_Define>
    </PropertyGroup>
    <PropertyGroup Condition="'$(Cfg_2_Win32)'!=''">
        <DCC_MapFile>3</DCC_MapFile>
        <DCC_LocalDebugSymbols>true</DCC_LocalDebugSymbols>
        <Debugger_HostApplication>D:\ETHEA\SVGShellExtensions\Debug\Preview Handlers\OpenDialog\OpenDialogTest.exe</Debugger_HostApplication>
    </PropertyGroup>
    <ItemGroup>
        <DelphiCompile Include="$(MainSource)">
            <MainSource>MainSource</MainSource>
        </DelphiCompile>
        <DCCReference Include="Main.pas"/>
        <DCCReference Include="uMisc.pas"/>
        <DCCReference Include="uRegistry.pas"/>
        <DCCReference Include="uLogExcept.pas"/>
        <DCCReference Include="uStreamPreviewHandler.pas"/>
        <DCCReference Include="uCommonPreviewHandler.pas"/>
        <DCCReference Include="uPreviewHandler.pas"/>
        <DCCReference Include="uPreviewContainer.pas">
            <Form>PreviewContainer</Form>
        </DCCReference>
        <DCCReference Include="uSVGPreviewHandler.pas"/>
        <DCCReference Include="uPreviewHandlerRegister.pas"/>
        <DCCReference Include="uSVGThumbnailHandler.pas"/>
        <DCCReference Include="uThumbnailHandlerRegister.pas"/>
        <DCCReference Include="uSVGContextMenuHandler.pas"/>
        <DCCReference Include="PreviewForm.pas">
            <Form>FrmPreview</Form>
        </DCCReference>
        <DCCReference Include="SettingsForm.pas">
            <Form>UserSettingsForm</Form>
        </DCCReference>
        <DCCReference Include="uSettings.pas"/>
        <DCCReference Include="DResources.pas">
            <Form>dmResources</Form>
            <DesignClass>TDataModule</DesignClass>
        </DCCReference>
        <DCCReference Include="dlgSearchText.pas">
            <Form>TextSearchDialog</Form>
        </DCCReference>
        <DCCReference Include="uAbout.pas">
            <Form>FrmAbout</Form>
        </DCCReference>
        <BuildConfiguration Include="Base">
            <Key>Base</Key>
        </BuildConfiguration>
        <BuildConfiguration Include="Debug">
            <Key>Cfg_1</Key>
            <CfgParent>Base</CfgParent>
        </BuildConfiguration>
        <BuildConfiguration Include="Release">
            <Key>Cfg_2</Key>
            <CfgParent>Base</CfgParent>
        </BuildConfiguration>
    </ItemGroup>
    <Import Condition="Exists('$(BDS)\Bin\CodeGear.Delphi.Targets')" Project="$(BDS)\Bin\CodeGear.Delphi.Targets"/>
    <Import Condition="Exists('$(APPDATA)\Embarcadero\$(BDSAPPDATABASEDIR)\$(PRODUCTVERSION)\UserTools.proj')" Project="$(APPDATA)\Embarcadero\$(BDSAPPDATABASEDIR)\$(PRODUCTVERSION)\UserTools.proj"/>
    <ProjectExtensions>
        <Borland.Personality>Delphi.Personality.12</Borland.Personality>
        <Borland.ProjectType/>
        <BorlandProject>
            <Delphi.Personality>
                <Source>
                    <Source Name="MainSource">SVGShellExtensions.dpr</Source>
                </Source>
                <VersionInfo>
                    <VersionInfo Name="IncludeVerInfo">True</VersionInfo>
                    <VersionInfo Name="MajorVer">1</VersionInfo>
                    <VersionInfo Name="MinorVer">0</VersionInfo>
                    <VersionInfo Name="Release">0</VersionInfo>
                    <VersionInfo Name="Build">0</VersionInfo>
                    <VersionInfo Name="Debug">False</VersionInfo>
                    <VersionInfo Name="PreRelease">False</VersionInfo>
                    <VersionInfo Name="Special">False</VersionInfo>
                    <VersionInfo Name="Private">False</VersionInfo>
                    <VersionInfo Name="DLL">False</VersionInfo>
                    <VersionInfo Name="Locale">1040</VersionInfo>
                    <VersionInfo Name="CodePage">1252</VersionInfo>
                </VersionInfo>
                <VersionInfoKeys>
                    <VersionInfoKeys Name="CompanyName">Ethea S.r.l.</VersionInfoKeys>
                    <VersionInfoKeys Name="FileDescription"/>
                    <VersionInfoKeys Name="FileVersion">1.0.0.0</VersionInfoKeys>
                    <VersionInfoKeys Name="InternalName"/>
                    <VersionInfoKeys Name="LegalCopyright"/>
                    <VersionInfoKeys Name="LegalTrademarks"/>
                    <VersionInfoKeys Name="OriginalFilename"/>
                    <VersionInfoKeys Name="ProductName"/>
                    <VersionInfoKeys Name="ProductVersion">1.0.0.0</VersionInfoKeys>
                    <VersionInfoKeys Name="Comments"/>
                </VersionInfoKeys>
                <Parameters>
                    <Parameters Name="RunParams">TcPreviewHandler.dll /u</Parameters>
                    <Parameters Name="HostApplication">C:\Windows\System32\regsvr32.exe</Parameters>
                    <Parameters Name="DebugCWD">c:\temp</Parameters>
                </Parameters>
                <Excluded_Packages>
                    <Excluded_Packages Name="C:\Users\Public\Documents\Embarcadero\Studio\23.0\Bpl\dclISFLib8_5290.bpl">Ethea InstantSolutions 8.5 Framework Library</Excluded_Packages>
                    <Excluded_Packages Name="C:\Users\Public\Documents\Embarcadero\Studio\23.0\Bpl\dclISRtl8_6290.bpl">Ethea InstantSolutions 8.6 Rtl Library</Excluded_Packages>
                    <Excluded_Packages Name="C:\Users\Public\Documents\Embarcadero\Studio\23.0\Bpl\dclISOpenOffice8_6290.bpl">Ethea InstantSolutions 8.6 LibreOffice/OpenOffice Components</Excluded_Packages>
                    <Excluded_Packages Name="C:\Users\Public\Documents\Embarcadero\Studio\23.0\Bpl\dclISVcl8_6290.bpl">Ethea InstantSolutions 8.6 Vcl Library</Excluded_Packages>
                    <Excluded_Packages Name="C:\Users\Public\Documents\Embarcadero\Studio\23.0\Bpl\dclISFLib8_6290.bpl">Ethea InstantSolutions 8.6 Framework Library</Excluded_Packages>
                    <Excluded_Packages Name="$(BDSBIN)\dcloffice2k290.bpl">Microsoft Office 2000 Sample Automation Server Wrapper Components</Excluded_Packages>
                    <Excluded_Packages Name="$(BDSBIN)\dclofficexp290.bpl">Microsoft Office XP Sample Automation Server Wrapper Components</Excluded_Packages>
                </Excluded_Packages>
            </Delphi.Personality>
            <Platforms>
                <Platform value="Win32">False</Platform>
                <Platform value="Win64">True</Platform>
            </Platforms>
        </BorlandProject>
        <ProjectFileVersion>12</ProjectFileVersion>
    </ProjectExtensions>
</Project>
