<Project xmlns="http://schemas.microsoft.com/developer/msbuild/2003">
    <PropertyGroup>
        <ProjectGuid>{944c5368-5c74-4101-96e1-65e9d92d6ab6}</ProjectGuid>
        <MainSource>SVGTextEditor.dpr</MainSource>
        <Configuration Condition=" '$(Configuration)' == '' ">Release</Configuration>
        <DCC_DCCCompiler>DCC32</DCC_DCCCompiler>
        <ProjectVersion>20.1</ProjectVersion>
        <Config Condition="'$(Config)'==''">Debug</Config>
        <FrameworkType>VCL</FrameworkType>
        <Base>True</Base>
        <Platform Condition="'$(Platform)'==''">Win32</Platform>
        <TargetedPlatforms>3</TargetedPlatforms>
        <AppType>Application</AppType>
        <ProjectName Condition="'$(ProjectName)'==''">SVGTextEditor</ProjectName>
    </PropertyGroup>
    <PropertyGroup Condition="'$(Config)'=='Base' or '$(Base)'!=''">
        <Base>true</Base>
    </PropertyGroup>
    <PropertyGroup Condition="('$(Platform)'=='Win32' and '$(Base)'=='true') or '$(Base_Win32)'!=''">
        <Base_Win32>true</Base_Win32>
        <CfgParent>Base</CfgParent>
        <Base>true</Base>
    </PropertyGroup>
    <PropertyGroup Condition="('$(Platform)'=='Win64' and '$(Base)'=='true') or '$(Base_Win64)'!=''">
        <Base_Win64>true</Base_Win64>
        <CfgParent>Base</CfgParent>
        <Base>true</Base>
    </PropertyGroup>
    <PropertyGroup Condition="'$(Config)'=='Release' or '$(Cfg_1)'!=''">
        <Cfg_1>true</Cfg_1>
        <CfgParent>Base</CfgParent>
        <Base>true</Base>
    </PropertyGroup>
    <PropertyGroup Condition="('$(Platform)'=='Win64' and '$(Cfg_1)'=='true') or '$(Cfg_1_Win64)'!=''">
        <Cfg_1_Win64>true</Cfg_1_Win64>
        <CfgParent>Cfg_1</CfgParent>
        <Cfg_1>true</Cfg_1>
        <Base>true</Base>
    </PropertyGroup>
    <PropertyGroup Condition="'$(Config)'=='Debug' or '$(Cfg_2)'!=''">
        <Cfg_2>true</Cfg_2>
        <CfgParent>Base</CfgParent>
        <Base>true</Base>
    </PropertyGroup>
    <PropertyGroup Condition="('$(Platform)'=='Win32' and '$(Cfg_2)'=='true') or '$(Cfg_2_Win32)'!=''">
        <Cfg_2_Win32>true</Cfg_2_Win32>
        <CfgParent>Cfg_2</CfgParent>
        <Cfg_2>true</Cfg_2>
        <Base>true</Base>
    </PropertyGroup>
    <PropertyGroup Condition="('$(Platform)'=='Win64' and '$(Cfg_2)'=='true') or '$(Cfg_2_Win64)'!=''">
        <Cfg_2_Win64>true</Cfg_2_Win64>
        <CfgParent>Cfg_2</CfgParent>
        <Cfg_2>true</Cfg_2>
        <Base>true</Base>
    </PropertyGroup>
    <PropertyGroup Condition="'$(Base)'!=''">
        <SanitizedProjectName>SVGTextEditor</SanitizedProjectName>
        <VerInfo_IncludeVerInfo>true</VerInfo_IncludeVerInfo>
        <DCC_Namespace>Vcl;Vcl.Imaging;Vcl.Touch;Vcl.Samples;Vcl.Shell;System;Xml;Data;Datasnap;Web;Soap;Winapi;Xml.Win;$(DCC_Namespace)</DCC_Namespace>
        <Icon_MainIcon>..\Icons\logo.ico</Icon_MainIcon>
        <Manifest_File>$(BDS)\bin\default_app.manifest</Manifest_File>
        <VerInfo_Locale>1033</VerInfo_Locale>
        <VerInfo_Keys>CompanyName=Ethea S.r.l.;FileDescription=SVG Text Editor;FileVersion=3.2.2.0;InternalName=;LegalCopyright=Copyright © 2021-2024 - Ethea S.r.l.;LegalTrademarks=;OriginalFilename=;ProductName=SVG Text Editor;ProductVersion=3.2;Comments=</VerInfo_Keys>
        <Custom_Styles>Glow|VCLSTYLE|$(BDSCOMMONDIR)\Styles\Glow.vsf;Sky|VCLSTYLE|$(BDSCOMMONDIR)\Styles\Sky.vsf;Windows10|VCLSTYLE|$(BDSCOMMONDIR)\Styles\Windows10.vsf;&quot;Windows10 Dark|VCLSTYLE|$(BDSCOMMONDIR)\Styles\Windows10Dark.vsf&quot;;&quot;Windows10 SlateGray|VCLSTYLE|$(BDSCOMMONDIR)\Styles\Windows10SlateGray.vsf&quot;;&quot;Windows11 Impressive Dark|VCLSTYLE|$(BDSCOMMONDIR)\Styles\Windows11_Impressive_Dark.vsf&quot;;&quot;Windows11 Impressive Light|VCLSTYLE|$(BDSCOMMONDIR)\Styles\Windows11_Impressive_Light.vsf&quot;;&quot;Windows11 Modern Dark|VCLSTYLE|$(BDSCOMMONDIR)\Styles\Windows11_Modern_Dark.vsf&quot;;&quot;Windows11 Modern Light|VCLSTYLE|$(BDSCOMMONDIR)\Styles\Windows11_Modern_Light.vsf&quot;;&quot;Windows11 Polar Dark|VCLSTYLE|$(BDSCOMMONDIR)\Styles\Windows11_Polar_Dark.vsf&quot;;&quot;Windows11 Polar Light|VCLSTYLE|$(BDSCOMMONDIR)\Styles\Windows11_Polar_Light.vsf&quot;;&quot;Flat UI Light|VCLSTYLE|$(BDSCOMMONDIR)\Styles\FlatUILight.vsf&quot;;&quot;Windows10 BlackPearl|VCLSTYLE|$(BDSCOMMONDIR)\Styles\Windows10BlackPearl.vsf&quot;;&quot;Windows10 Blue Whale|VCLSTYLE|$(BDSCOMMONDIR)\Styles\Windows10BlueWhale.vsf&quot;;&quot;Windows10 Clear Day|VCLSTYLE|$(BDSCOMMONDIR)\Styles\Windows10ClearDay.vsf&quot;;&quot;Windows10 Malibu|VCLSTYLE|$(BDSCOMMONDIR)\Styles\Windows10Malibu.vsf&quot;</Custom_Styles>
        <DCC_DebugInformation>0</DCC_DebugInformation>
        <DCC_ImportedDataReferences>false</DCC_ImportedDataReferences>
        <DCC_LocalDebugSymbols>false</DCC_LocalDebugSymbols>
        <DCC_UnitSearchPath>..\Ext\SynEdit\Source;..\Ext\SVGIconImageList\Source;..\Ext\VCLStyleUtils\Common;..\Ext\VCLStyleUtils\DDetours\Source;..\Ext\SVGIconImageList\Image32\Source;..\Ext\StyledComponents\source;$(DCC_UnitSearchPath)</DCC_UnitSearchPath>
        <DCC_DcuOutput>..\Dcu\$(Platform)\$(Config)</DCC_DcuOutput>
        <DCC_DependencyCheckOutputName>..\..\exe\InstantXMLEditor.exe</DCC_DependencyCheckOutputName>
        <VerInfo_MajorVer>3</VerInfo_MajorVer>
        <DCC_Define>SKIA;$(DCC_Define)</DCC_Define>
        <VerInfo_MinorVer>2</VerInfo_MinorVer>
        <VerInfo_Release>2</VerInfo_Release>
    </PropertyGroup>
    <PropertyGroup Condition="'$(Base_Win32)'!=''">
        <DCC_Namespace>System.Win;Data.Win;Datasnap.Win;Web.Win;Soap.Win;Bde;$(DCC_Namespace)</DCC_Namespace>
        <BT_BuildType>Debug</BT_BuildType>
        <DCC_ExeOutput>..\Bin32</DCC_ExeOutput>
        <AppDPIAwarenessMode>PerMonitorV2</AppDPIAwarenessMode>
    </PropertyGroup>
    <PropertyGroup Condition="'$(Base_Win64)'!=''">
        <DCC_Namespace>System.Win;Data.Win;Datasnap.Win;Web.Win;Soap.Win;$(DCC_Namespace)</DCC_Namespace>
        <BT_BuildType>Debug</BT_BuildType>
        <DCC_ExeOutput>..\Bin64</DCC_ExeOutput>
        <AppDPIAwarenessMode>PerMonitorV2</AppDPIAwarenessMode>
    </PropertyGroup>
    <PropertyGroup Condition="'$(Cfg_1)'!=''">
        <DCC_Define>RELEASE;$(DCC_Define)</DCC_Define>
        <Version>7.0</Version>
        <DCC_LocalDebugSymbols>False</DCC_LocalDebugSymbols>
        <DCC_SymbolReferenceInfo>0</DCC_SymbolReferenceInfo>
        <DCC_ResourcePath>..\..\ext\LibXML2\src;..\..\ext\SynEdit\Source;..\..\ext\CBLib\src;$(DCC_ResourcePath)</DCC_ResourcePath>
        <DCC_ObjPath>..\..\ext\LibXML2\src;..\..\ext\SynEdit\Source;..\..\ext\CBLib\src;$(DCC_ObjPath)</DCC_ObjPath>
        <DCC_IncludePath>..\..\ext\LibXML2\src;..\..\ext\SynEdit\Source;..\..\ext\CBLib\src;$(DCC_IncludePath)</DCC_IncludePath>
    </PropertyGroup>
    <PropertyGroup Condition="'$(Cfg_1_Win64)'!=''">
        <Debugger_RunParams>D:\ETHEA\CBLib7\images\svg\system-help.svg</Debugger_RunParams>
    </PropertyGroup>
    <PropertyGroup Condition="'$(Cfg_2)'!=''">
        <DCC_DebugInformation>true</DCC_DebugInformation>
        <DCC_DebugDCUs>true</DCC_DebugDCUs>
        <DCC_Define>DEBUG;$(DCC_Define)</DCC_Define>
        <Version>7.0</Version>
        <DCC_ResourcePath>..\..\ext\LibXML2\src;..\..\ext\SynEdit\Source;..\..\ext\CBLib\src;$(DCC_ResourcePath)</DCC_ResourcePath>
        <DCC_ObjPath>..\..\ext\LibXML2\src;..\..\ext\SynEdit\Source;..\..\ext\CBLib\src;$(DCC_ObjPath)</DCC_ObjPath>
        <DCC_IncludePath>..\..\ext\LibXML2\src;..\..\ext\SynEdit\Source;..\..\ext\CBLib\src;$(DCC_IncludePath)</DCC_IncludePath>
        <DCC_LocalDebugSymbols>true</DCC_LocalDebugSymbols>
        <DCC_Optimize>false</DCC_Optimize>
    </PropertyGroup>
    <PropertyGroup Condition="'$(Cfg_2_Win32)'!=''">
        <BT_BuildType>Debug</BT_BuildType>
        <DCC_MapFile>3</DCC_MapFile>
        <DCC_DebugInformation>2</DCC_DebugInformation>
        <DCC_IntegerOverflowCheck>true</DCC_IntegerOverflowCheck>
        <DCC_RangeChecking>true</DCC_RangeChecking>
    </PropertyGroup>
    <PropertyGroup Condition="'$(Cfg_2_Win64)'!=''">
        <DCC_MapFile>3</DCC_MapFile>
        <DCC_DebugInformation>2</DCC_DebugInformation>
        <DCC_DebugInfoInExe>true</DCC_DebugInfoInExe>
        <DCC_IntegerOverflowCheck>true</DCC_IntegerOverflowCheck>
        <DCC_RangeChecking>true</DCC_RangeChecking>
    </PropertyGroup>
    <ProjectExtensions>
        <Borland.Personality>Delphi.Personality.12</Borland.Personality>
        <Borland.ProjectType>VCLApplication</Borland.ProjectType>
        <BorlandProject>
            <Delphi.Personality>
                <Source>
                    <Source Name="MainSource">SVGTextEditor.dpr</Source>
                </Source>
                <Excluded_Packages/>
                <WelcomePageFile Path="..\README.htm"/>
                <WelcomePageFolder/>
            </Delphi.Personality>
            <Platforms>
                <Platform value="Win32">True</Platform>
                <Platform value="Win64">True</Platform>
            </Platforms>
        </BorlandProject>
        <ProjectFileVersion>12</ProjectFileVersion>
    </ProjectExtensions>
    <ItemGroup>
        <DelphiCompile Include="$(MainSource)">
            <MainSource>MainSource</MainSource>
        </DelphiCompile>
        <DCCReference Include="dlgSearchText.pas">
            <Form>TextSearchDialog</Form>
        </DCCReference>
        <DCCReference Include="dlgReplaceText.pas">
            <Form>TextReplaceDialog</Form>
        </DCCReference>
        <DCCReference Include="ChildForm.pas">
            <Form>MDIChildForm</Form>
        </DCCReference>
        <DCCReference Include="EditorMainForm.pas">
            <Form>frmMain</Form>
        </DCCReference>
        <DCCReference Include="DResources.pas">
            <Form>dmResources</Form>
            <DesignClass>TDataModule</DesignClass>
        </DCCReference>
        <DCCReference Include="DPageSetup.pas">
            <Form>PageSetupDlg</Form>
        </DCCReference>
        <DCCReference Include="FTestPrintPreview.pas">
            <Form>TestPrintPreviewDlg</Form>
        </DCCReference>
        <DCCReference Include="FSplash.pas">
            <Form>SplashForm</Form>
        </DCCReference>
        <DCCReference Include="dlgConfirmReplace.pas">
            <Form>ConfirmReplaceDialog</Form>
        </DCCReference>
        <DCCReference Include="uAbout.pas">
            <Form>FrmAbout</Form>
        </DCCReference>
        <DCCReference Include="uMisc.pas"/>
        <DCCReference Include="SynEditOptionsDialog.pas">
            <Form>fmEditorOptionsDialog</Form>
        </DCCReference>
        <DCCReference Include="uSettings.pas"/>
        <DCCReference Include="SettingsForm.pas">
            <Form>UserSettingsForm</Form>
        </DCCReference>
        <DCCReference Include="uRegistry.pas"/>
        <DCCReference Include="..\Ext\StyledComponents\source\Vcl.StyledTaskDialogFormUnit.pas">
            <Form>StyledTaskDialogForm</Form>
        </DCCReference>
        <DCCReference Include="..\Ext\StyledComponents\source\Skia.Vcl.StyledTaskDialogAnimatedUnit.pas">
            <Form>StyledTaskDialogAnimated</Form>
        </DCCReference>
        <BuildConfiguration Include="Base">
            <Key>Base</Key>
        </BuildConfiguration>
        <BuildConfiguration Include="Release">
            <Key>Cfg_1</Key>
            <CfgParent>Base</CfgParent>
        </BuildConfiguration>
        <BuildConfiguration Include="Debug">
            <Key>Cfg_2</Key>
            <CfgParent>Base</CfgParent>
        </BuildConfiguration>
    </ItemGroup>
    <Import Condition="Exists('$(BDS)\Bin\CodeGear.Delphi.Targets')" Project="$(BDS)\Bin\CodeGear.Delphi.Targets"/>
    <Import Condition="Exists('$(APPDATA)\Embarcadero\$(BDSAPPDATABASEDIR)\$(PRODUCTVERSION)\UserTools.proj')" Project="$(APPDATA)\Embarcadero\$(BDSAPPDATABASEDIR)\$(PRODUCTVERSION)\UserTools.proj"/>
</Project>
